
Microsoft Visual Studio Solution File, Format Version 12.00
# Visual Studio Version 17
VisualStudioVersion = 17.8.34330.188
MinimumVisualStudioVersion = 10.0.40219.1
Project("{9A19103F-16F7-4668-BE54-9A1E7A4F7556}") = "OrderDelivery.API", "OrderDelivery.API\OrderDelivery.API.csproj", "{F22228AD-9CD9-4AC8-84BB-DDFCA1E44FF2}"
EndProject
Project("{9A19103F-16F7-4668-BE54-9A1E7A4F7556}") = "OrderDelivery.Core", "OrderDelivery.Core\OrderDelivery.Core.csproj", "{5A1FE41D-8AAD-4D3E-978A-609AB8E10FBC}"
EndProject
Project("{9A19103F-16F7-4668-BE54-9A1E7A4F7556}") = "OrderDelivery.DAL", "OrderDelivery.DAL\OrderDelivery.DAL.csproj", "{FFE6571C-4234-4BC4-A7B1-9457C345890D}"
EndProject
Project("{E53339B2-1760-4266-BCC7-CA923CBCF16C}") = "docker-compose", "docker-compose.dcproj", "{33B97E9D-D17D-493E-AE80-D832BEA257F2}"
EndProject
Project("{9A19103F-16F7-4668-BE54-9A1E7A4F7556}") = "OrderDelivery.Application", "OrderDelivery.Application\OrderDelivery.Application.csproj", "{04A41631-5946-4143-9048-702816FB83D4}"
EndProject
Global
	GlobalSection(SolutionConfigurationPlatforms) = preSolution
		Debug|Any CPU = Debug|Any CPU
		Release|Any CPU = Release|Any CPU
	EndGlobalSection
	GlobalSection(ProjectConfigurationPlatforms) = postSolution
		{F22228AD-9CD9-4AC8-84BB-DDFCA1E44FF2}.Debug|Any CPU.ActiveCfg = Debug|Any CPU
		{F22228AD-9CD9-4AC8-84BB-DDFCA1E44FF2}.Debug|Any CPU.Build.0 = Debug|Any CPU
		{F22228AD-9CD9-4AC8-84BB-DDFCA1E44FF2}.Release|Any CPU.ActiveCfg = Release|Any CPU
		{F22228AD-9CD9-4AC8-84BB-DDFCA1E44FF2}.Release|Any CPU.Build.0 = Release|Any CPU
		{5A1FE41D-8AAD-4D3E-978A-609AB8E10FBC}.Debug|Any CPU.ActiveCfg = Debug|Any CPU
		{5A1FE41D-8AAD-4D3E-978A-609AB8E10FBC}.Debug|Any CPU.Build.0 = Debug|Any CPU
		{5A1FE41D-8AAD-4D3E-978A-609AB8E10FBC}.Release|Any CPU.ActiveCfg = Release|Any CPU
		{5A1FE41D-8AAD-4D3E-978A-609AB8E10FBC}.Release|Any CPU.Build.0 = Release|Any CPU
		{FFE6571C-4234-4BC4-A7B1-9457C345890D}.Debug|Any CPU.ActiveCfg = Debug|Any CPU
		{FFE6571C-4234-4BC4-A7B1-9457C345890D}.Debug|Any CPU.Build.0 = Debug|Any CPU
		{FFE6571C-4234-4BC4-A7B1-9457C345890D}.Release|Any CPU.ActiveCfg = Release|Any CPU
		{FFE6571C-4234-4BC4-A7B1-9457C345890D}.Release|Any CPU.Build.0 = Release|Any CPU
		{33B97E9D-D17D-493E-AE80-D832BEA257F2}.Debug|Any CPU.ActiveCfg = Debug|Any CPU
		{33B97E9D-D17D-493E-AE80-D832BEA257F2}.Debug|Any CPU.Build.0 = Debug|Any CPU
		{33B97E9D-D17D-493E-AE80-D832BEA257F2}.Release|Any CPU.ActiveCfg = Release|Any CPU
		{33B97E9D-D17D-493E-AE80-D832BEA257F2}.Release|Any CPU.Build.0 = Release|Any CPU
		{04A41631-5946-4143-9048-702816FB83D4}.Debug|Any CPU.ActiveCfg = Debug|Any CPU
		{04A41631-5946-4143-9048-702816FB83D4}.Debug|Any CPU.Build.0 = Debug|Any CPU
		{04A41631-5946-4143-9048-702816FB83D4}.Release|Any CPU.ActiveCfg = Release|Any CPU
		{04A41631-5946-4143-9048-702816FB83D4}.Release|Any CPU.Build.0 = Release|Any CPU
	EndGlobalSection
	GlobalSection(SolutionProperties) = preSolution
		HideSolutionNode = FALSE
	EndGlobalSection
	GlobalSection(ExtensibilityGlobals) = postSolution
		SolutionGuid = {D0821640-03D9-474C-B763-72BF8E5DE294}
	EndGlobalSection
EndGlobal
